
Microsoft Visual Studio Solution File, Format Version 12.00
# Visual Studio 15
VisualStudioVersion = 15.0.28010.2046
MinimumVisualStudioVersion = 10.0.40219.1
Project("{9A19103F-16F7-4668-BE54-9A1E7A4F7556}") = "Singleton", "Sources\Singleton\Singleton.csproj", "{F2859E61-2D3F-4ECC-803F-2FF65C7352E9}"
EndProject
Project("{9A19103F-16F7-4668-BE54-9A1E7A4F7556}") = "Tests", "Tests\Tests.csproj", "{8E272A64-63E3-4E51-9EFA-58BA5705A563}"
EndProject
Project("{FAE04EC0-301F-11D3-BF4B-00C04F79EFBC}") = "FactoryMethod", "Sources\FactoryMethod\FactoryMethod.csproj", "{C6328228-C84A-4B99-BCA8-51C1873B17C0}"
EndProject
Global
	GlobalSection(SolutionConfigurationPlatforms) = preSolution
		Debug|Any CPU = Debug|Any CPU
		Release|Any CPU = Release|Any CPU
	EndGlobalSection
	GlobalSection(ProjectConfigurationPlatforms) = postSolution
		{F2859E61-2D3F-4ECC-803F-2FF65C7352E9}.Debug|Any CPU.ActiveCfg = Debug|Any CPU
		{F2859E61-2D3F-4ECC-803F-2FF65C7352E9}.Debug|Any CPU.Build.0 = Debug|Any CPU
		{F2859E61-2D3F-4ECC-803F-2FF65C7352E9}.Release|Any CPU.ActiveCfg = Release|Any CPU
		{F2859E61-2D3F-4ECC-803F-2FF65C7352E9}.Release|Any CPU.Build.0 = Release|Any CPU
		{8E272A64-63E3-4E51-9EFA-58BA5705A563}.Debug|Any CPU.ActiveCfg = Debug|Any CPU
		{8E272A64-63E3-4E51-9EFA-58BA5705A563}.Debug|Any CPU.Build.0 = Debug|Any CPU
		{8E272A64-63E3-4E51-9EFA-58BA5705A563}.Release|Any CPU.ActiveCfg = Release|Any CPU
		{8E272A64-63E3-4E51-9EFA-58BA5705A563}.Release|Any CPU.Build.0 = Release|Any CPU
		{C6328228-C84A-4B99-BCA8-51C1873B17C0}.Debug|Any CPU.ActiveCfg = Debug|Any CPU
		{C6328228-C84A-4B99-BCA8-51C1873B17C0}.Debug|Any CPU.Build.0 = Debug|Any CPU
		{C6328228-C84A-4B99-BCA8-51C1873B17C0}.Release|Any CPU.ActiveCfg = Release|Any CPU
		{C6328228-C84A-4B99-BCA8-51C1873B17C0}.Release|Any CPU.Build.0 = Release|Any CPU
	EndGlobalSection
	GlobalSection(SolutionProperties) = preSolution
		HideSolutionNode = FALSE
	EndGlobalSection
	GlobalSection(ExtensibilityGlobals) = postSolution
		SolutionGuid = {7716D8BD-28D4-4DD3-B3A3-E96572E4BAEE}
	EndGlobalSection
EndGlobal
